// !$*UTF8*$!
{
	archiveVersion = 1;
	classes = {
	};
	objectVersion = 56;
	objects = {

/* Begin PBXBuildFile section */
		D63550BA2B02A3BD00EFC874 /* NetworkConfig.swift in Sources */ = {isa = PBXBuildFile; fileRef = D63550B92B02A3BD00EFC874 /* NetworkConfig.swift */; };
		D657BDFF2B01D42A006D0B42 /* shareApp.swift in Sources */ = {isa = PBXBuildFile; fileRef = D657BDFE2B01D42A006D0B42 /* shareApp.swift */; };
		D657BE032B01D42B006D0B42 /* Assets.xcassets in Resources */ = {isa = PBXBuildFile; fileRef = D657BE022B01D42B006D0B42 /* Assets.xcassets */; };
		D657BE062B01D42B006D0B42 /* Preview Assets.xcassets in Resources */ = {isa = PBXBuildFile; fileRef = D657BE052B01D42B006D0B42 /* Preview Assets.xcassets */; };
		D657BE102B01D42B006D0B42 /* shareTests.swift in Sources */ = {isa = PBXBuildFile; fileRef = D657BE0F2B01D42B006D0B42 /* shareTests.swift */; };
		D657BE1A2B01D42B006D0B42 /* shareUITests.swift in Sources */ = {isa = PBXBuildFile; fileRef = D657BE192B01D42B006D0B42 /* shareUITests.swift */; };
		D657BE1C2B01D42B006D0B42 /* shareUITestsLaunchTests.swift in Sources */ = {isa = PBXBuildFile; fileRef = D657BE1B2B01D42B006D0B42 /* shareUITestsLaunchTests.swift */; };
		D657BE2F2B01D586006D0B42 /* NetworkManager.swift in Sources */ = {isa = PBXBuildFile; fileRef = D657BE2E2B01D586006D0B42 /* NetworkManager.swift */; };
		D657BE312B01D5AC006D0B42 /* FestivalLineupService.swift in Sources */ = {isa = PBXBuildFile; fileRef = D657BE302B01D5AC006D0B42 /* FestivalLineupService.swift */; };
		D657BE342B01D60C006D0B42 /* MusicArtist.swift in Sources */ = {isa = PBXBuildFile; fileRef = D657BE332B01D60C006D0B42 /* MusicArtist.swift */; };
		D657BE362B01D718006D0B42 /* FestivalLineupError.swift in Sources */ = {isa = PBXBuildFile; fileRef = D657BE352B01D718006D0B42 /* FestivalLineupError.swift */; };
		D657BE382B01D88C006D0B42 /* FestivalLineupBuilder.swift in Sources */ = {isa = PBXBuildFile; fileRef = D657BE372B01D88C006D0B42 /* FestivalLineupBuilder.swift */; };
		D657BE3A2B01D9BA006D0B42 /* FestivalLineupViewModel.swift in Sources */ = {isa = PBXBuildFile; fileRef = D657BE392B01D9BA006D0B42 /* FestivalLineupViewModel.swift */; };
		D657BE3C2B01D9E0006D0B42 /* FestivalLineupInteractor.swift in Sources */ = {isa = PBXBuildFile; fileRef = D657BE3B2B01D9E0006D0B42 /* FestivalLineupInteractor.swift */; };
		D657BE3E2B01DA43006D0B42 /* FestivalLineupView.swift in Sources */ = {isa = PBXBuildFile; fileRef = D657BE3D2B01DA43006D0B42 /* FestivalLineupView.swift */; };
		D657BE402B01DAC4006D0B42 /* ArtistCardView.swift in Sources */ = {isa = PBXBuildFile; fileRef = D657BE3F2B01DAC4006D0B42 /* ArtistCardView.swift */; };
		D657BE422B01DAFC006D0B42 /* FestivalLineupRouter.swift in Sources */ = {isa = PBXBuildFile; fileRef = D657BE412B01DAFC006D0B42 /* FestivalLineupRouter.swift */; };
		D657BE462B01DD63006D0B42 /* MockNetworkManager.swift in Sources */ = {isa = PBXBuildFile; fileRef = D657BE452B01DD63006D0B42 /* MockNetworkManager.swift */; };
		D657BE492B01DDAC006D0B42 /* FestivalLineupServiceTest.swift in Sources */ = {isa = PBXBuildFile; fileRef = D657BE482B01DDAC006D0B42 /* FestivalLineupServiceTest.swift */; };
		D657BE4D2B01DDFE006D0B42 /* FestivalLineupViewModelTest.swift in Sources */ = {isa = PBXBuildFile; fileRef = D657BE4C2B01DDFE006D0B42 /* FestivalLineupViewModelTest.swift */; };
		D657BE502B01E7FC006D0B42 /* MockFestivalLineupService.swift in Sources */ = {isa = PBXBuildFile; fileRef = D657BE4F2B01E7FC006D0B42 /* MockFestivalLineupService.swift */; };
		D657BE522B01E849006D0B42 /* TestFestivalLineupViewModel.swift in Sources */ = {isa = PBXBuildFile; fileRef = D657BE512B01E849006D0B42 /* TestFestivalLineupViewModel.swift */; };
		D657BE542B01E900006D0B42 /* FestivalLineupInteractorTest.swift in Sources */ = {isa = PBXBuildFile; fileRef = D657BE532B01E900006D0B42 /* FestivalLineupInteractorTest.swift */; };
		D657BE582B01F54F006D0B42 /* Theme.swift in Sources */ = {isa = PBXBuildFile; fileRef = D657BE572B01F54F006D0B42 /* Theme.swift */; };
		D657BE5B2B01F5C5006D0B42 /* Strings.swift in Sources */ = {isa = PBXBuildFile; fileRef = D657BE5A2B01F5C5006D0B42 /* Strings.swift */; };
		D657BE5E2B01F846006D0B42 /* AppDateFormatter.swift in Sources */ = {isa = PBXBuildFile; fileRef = D657BE5D2B01F846006D0B42 /* AppDateFormatter.swift */; };
		D6A233D72B02B73100A1D7D6 /* MusicCardActionView.swift in Sources */ = {isa = PBXBuildFile; fileRef = D6A233D62B02B73100A1D7D6 /* MusicCardActionView.swift */; };
		D6A233D92B02B83800A1D7D6 /* FestivalLineupHeader.swift in Sources */ = {isa = PBXBuildFile; fileRef = D6A233D82B02B83800A1D7D6 /* FestivalLineupHeader.swift */; };
/* End PBXBuildFile section */

/* Begin PBXContainerItemProxy section */
		D657BE0C2B01D42B006D0B42 /* PBXContainerItemProxy */ = {
			isa = PBXContainerItemProxy;
			containerPortal = D657BDF32B01D42A006D0B42 /* Project object */;
			proxyType = 1;
			remoteGlobalIDString = D657BDFA2B01D42A006D0B42;
			remoteInfo = share;
		};
		D657BE162B01D42B006D0B42 /* PBXContainerItemProxy */ = {
			isa = PBXContainerItemProxy;
			containerPortal = D657BDF32B01D42A006D0B42 /* Project object */;
			proxyType = 1;
			remoteGlobalIDString = D657BDFA2B01D42A006D0B42;
			remoteInfo = share;
		};
/* End PBXContainerItemProxy section */

/* Begin PBXFileReference section */
		D63550B92B02A3BD00EFC874 /* NetworkConfig.swift */ = {isa = PBXFileReference; lastKnownFileType = sourcecode.swift; path = NetworkConfig.swift; sourceTree = "<group>"; };
		D657BDFB2B01D42A006D0B42 /* share.app */ = {isa = PBXFileReference; explicitFileType = wrapper.application; includeInIndex = 0; path = share.app; sourceTree = BUILT_PRODUCTS_DIR; };
		D657BDFE2B01D42A006D0B42 /* shareApp.swift */ = {isa = PBXFileReference; lastKnownFileType = sourcecode.swift; path = shareApp.swift; sourceTree = "<group>"; };
		D657BE022B01D42B006D0B42 /* Assets.xcassets */ = {isa = PBXFileReference; lastKnownFileType = folder.assetcatalog; path = Assets.xcassets; sourceTree = "<group>"; };
		D657BE052B01D42B006D0B42 /* Preview Assets.xcassets */ = {isa = PBXFileReference; lastKnownFileType = folder.assetcatalog; path = "Preview Assets.xcassets"; sourceTree = "<group>"; };
		D657BE0B2B01D42B006D0B42 /* shareTests.xctest */ = {isa = PBXFileReference; explicitFileType = wrapper.cfbundle; includeInIndex = 0; path = shareTests.xctest; sourceTree = BUILT_PRODUCTS_DIR; };
		D657BE0F2B01D42B006D0B42 /* shareTests.swift */ = {isa = PBXFileReference; lastKnownFileType = sourcecode.swift; path = shareTests.swift; sourceTree = "<group>"; };
		D657BE152B01D42B006D0B42 /* shareUITests.xctest */ = {isa = PBXFileReference; explicitFileType = wrapper.cfbundle; includeInIndex = 0; path = shareUITests.xctest; sourceTree = BUILT_PRODUCTS_DIR; };
		D657BE192B01D42B006D0B42 /* shareUITests.swift */ = {isa = PBXFileReference; lastKnownFileType = sourcecode.swift; path = shareUITests.swift; sourceTree = "<group>"; };
		D657BE1B2B01D42B006D0B42 /* shareUITestsLaunchTests.swift */ = {isa = PBXFileReference; lastKnownFileType = sourcecode.swift; path = shareUITestsLaunchTests.swift; sourceTree = "<group>"; };
		D657BE2E2B01D586006D0B42 /* NetworkManager.swift */ = {isa = PBXFileReference; lastKnownFileType = sourcecode.swift; path = NetworkManager.swift; sourceTree = "<group>"; };
		D657BE302B01D5AC006D0B42 /* FestivalLineupService.swift */ = {isa = PBXFileReference; lastKnownFileType = sourcecode.swift; path = FestivalLineupService.swift; sourceTree = "<group>"; };
		D657BE332B01D60C006D0B42 /* MusicArtist.swift */ = {isa = PBXFileReference; lastKnownFileType = sourcecode.swift; path = MusicArtist.swift; sourceTree = "<group>"; };
		D657BE352B01D718006D0B42 /* FestivalLineupError.swift */ = {isa = PBXFileReference; lastKnownFileType = sourcecode.swift; path = FestivalLineupError.swift; sourceTree = "<group>"; };
		D657BE372B01D88C006D0B42 /* FestivalLineupBuilder.swift */ = {isa = PBXFileReference; lastKnownFileType = sourcecode.swift; path = FestivalLineupBuilder.swift; sourceTree = "<group>"; };
		D657BE392B01D9BA006D0B42 /* FestivalLineupViewModel.swift */ = {isa = PBXFileReference; lastKnownFileType = sourcecode.swift; path = FestivalLineupViewModel.swift; sourceTree = "<group>"; };
		D657BE3B2B01D9E0006D0B42 /* FestivalLineupInteractor.swift */ = {isa = PBXFileReference; lastKnownFileType = sourcecode.swift; path = FestivalLineupInteractor.swift; sourceTree = "<group>"; };
		D657BE3D2B01DA43006D0B42 /* FestivalLineupView.swift */ = {isa = PBXFileReference; lastKnownFileType = sourcecode.swift; path = FestivalLineupView.swift; sourceTree = "<group>"; };
		D657BE3F2B01DAC4006D0B42 /* ArtistCardView.swift */ = {isa = PBXFileReference; lastKnownFileType = sourcecode.swift; path = ArtistCardView.swift; sourceTree = "<group>"; };
		D657BE412B01DAFC006D0B42 /* FestivalLineupRouter.swift */ = {isa = PBXFileReference; lastKnownFileType = sourcecode.swift; path = FestivalLineupRouter.swift; sourceTree = "<group>"; };
		D657BE452B01DD63006D0B42 /* MockNetworkManager.swift */ = {isa = PBXFileReference; lastKnownFileType = sourcecode.swift; path = MockNetworkManager.swift; sourceTree = "<group>"; };
		D657BE482B01DDAC006D0B42 /* FestivalLineupServiceTest.swift */ = {isa = PBXFileReference; lastKnownFileType = sourcecode.swift; path = FestivalLineupServiceTest.swift; sourceTree = "<group>"; };
		D657BE4C2B01DDFE006D0B42 /* FestivalLineupViewModelTest.swift */ = {isa = PBXFileReference; lastKnownFileType = sourcecode.swift; path = FestivalLineupViewModelTest.swift; sourceTree = "<group>"; };
		D657BE4F2B01E7FC006D0B42 /* MockFestivalLineupService.swift */ = {isa = PBXFileReference; lastKnownFileType = sourcecode.swift; path = MockFestivalLineupService.swift; sourceTree = "<group>"; };
		D657BE512B01E849006D0B42 /* TestFestivalLineupViewModel.swift */ = {isa = PBXFileReference; lastKnownFileType = sourcecode.swift; path = TestFestivalLineupViewModel.swift; sourceTree = "<group>"; };
		D657BE532B01E900006D0B42 /* FestivalLineupInteractorTest.swift */ = {isa = PBXFileReference; lastKnownFileType = sourcecode.swift; path = FestivalLineupInteractorTest.swift; sourceTree = "<group>"; };
		D657BE572B01F54F006D0B42 /* Theme.swift */ = {isa = PBXFileReference; lastKnownFileType = sourcecode.swift; path = Theme.swift; sourceTree = "<group>"; };
		D657BE5A2B01F5C5006D0B42 /* Strings.swift */ = {isa = PBXFileReference; lastKnownFileType = sourcecode.swift; path = Strings.swift; sourceTree = "<group>"; };
		D657BE5D2B01F846006D0B42 /* AppDateFormatter.swift */ = {isa = PBXFileReference; lastKnownFileType = sourcecode.swift; path = AppDateFormatter.swift; sourceTree = "<group>"; };
		D6A233D62B02B73100A1D7D6 /* MusicCardActionView.swift */ = {isa = PBXFileReference; lastKnownFileType = sourcecode.swift; path = MusicCardActionView.swift; sourceTree = "<group>"; };
		D6A233D82B02B83800A1D7D6 /* FestivalLineupHeader.swift */ = {isa = PBXFileReference; lastKnownFileType = sourcecode.swift; path = FestivalLineupHeader.swift; sourceTree = "<group>"; };
/* End PBXFileReference section */

/* Begin PBXFrameworksBuildPhase section */
		D657BDF82B01D42A006D0B42 /* Frameworks */ = {
			isa = PBXFrameworksBuildPhase;
			buildActionMask = 2147483647;
			files = (
			);
			runOnlyForDeploymentPostprocessing = 0;
		};
		D657BE082B01D42B006D0B42 /* Frameworks */ = {
			isa = PBXFrameworksBuildPhase;
			buildActionMask = 2147483647;
			files = (
			);
			runOnlyForDeploymentPostprocessing = 0;
		};
		D657BE122B01D42B006D0B42 /* Frameworks */ = {
			isa = PBXFrameworksBuildPhase;
			buildActionMask = 2147483647;
			files = (
			);
			runOnlyForDeploymentPostprocessing = 0;
		};
/* End PBXFrameworksBuildPhase section */

/* Begin PBXGroup section */
		D657BDF22B01D42A006D0B42 = {
			isa = PBXGroup;
			children = (
				D657BDFD2B01D42A006D0B42 /* share */,
				D657BE0E2B01D42B006D0B42 /* shareTests */,
				D657BE182B01D42B006D0B42 /* shareUITests */,
				D657BDFC2B01D42A006D0B42 /* Products */,
			);
			sourceTree = "<group>";
		};
		D657BDFC2B01D42A006D0B42 /* Products */ = {
			isa = PBXGroup;
			children = (
				D657BDFB2B01D42A006D0B42 /* share.app */,
				D657BE0B2B01D42B006D0B42 /* shareTests.xctest */,
				D657BE152B01D42B006D0B42 /* shareUITests.xctest */,
			);
			name = Products;
			sourceTree = "<group>";
		};
		D657BDFD2B01D42A006D0B42 /* share */ = {
			isa = PBXGroup;
			children = (
				D657BE322B01D5D1006D0B42 /* models */,
				D657BE2B2B01D53F006D0B42 /* services */,
				D657BE2A2B01D532006D0B42 /* core */,
				D657BE292B01D4FD006D0B42 /* features */,
				D657BDFE2B01D42A006D0B42 /* shareApp.swift */,
				D657BE022B01D42B006D0B42 /* Assets.xcassets */,
				D657BE042B01D42B006D0B42 /* Preview Content */,
			);
			path = share;
			sourceTree = "<group>";
		};
		D657BE042B01D42B006D0B42 /* Preview Content */ = {
			isa = PBXGroup;
			children = (
				D657BE052B01D42B006D0B42 /* Preview Assets.xcassets */,
			);
			path = "Preview Content";
			sourceTree = "<group>";
		};
		D657BE0E2B01D42B006D0B42 /* shareTests */ = {
			isa = PBXGroup;
			children = (
				D657BE4E2B01E7F2006D0B42 /* mocks */,
				D657BE4A2B01DDE5006D0B42 /* features */,
				D657BE472B01DD9E006D0B42 /* services */,
				D657BE432B01DD4D006D0B42 /* core */,
				D657BE0F2B01D42B006D0B42 /* shareTests.swift */,
			);
			path = shareTests;
			sourceTree = "<group>";
		};
		D657BE182B01D42B006D0B42 /* shareUITests */ = {
			isa = PBXGroup;
			children = (
				D657BE192B01D42B006D0B42 /* shareUITests.swift */,
				D657BE1B2B01D42B006D0B42 /* shareUITestsLaunchTests.swift */,
			);
			path = shareUITests;
			sourceTree = "<group>";
		};
		D657BE282B01D4E2006D0B42 /* festival_lineup */ = {
			isa = PBXGroup;
			children = (
				D657BE552B01F1AA006D0B42 /* views */,
				D657BE372B01D88C006D0B42 /* FestivalLineupBuilder.swift */,
				D657BE392B01D9BA006D0B42 /* FestivalLineupViewModel.swift */,
				D657BE3B2B01D9E0006D0B42 /* FestivalLineupInteractor.swift */,
				D657BE412B01DAFC006D0B42 /* FestivalLineupRouter.swift */,
			);
			path = festival_lineup;
			sourceTree = "<group>";
		};
		D657BE292B01D4FD006D0B42 /* features */ = {
			isa = PBXGroup;
			children = (
				D657BE282B01D4E2006D0B42 /* festival_lineup */,
			);
			path = features;
			sourceTree = "<group>";
		};
		D657BE2A2B01D532006D0B42 /* core */ = {
			isa = PBXGroup;
			children = (
				D657BE5C2B01F837006D0B42 /* utils */,
				D657BE592B01F5A6006D0B42 /* constants */,
				D657BE562B01F541006D0B42 /* theme */,
				D657BE2D2B01D563006D0B42 /* network */,
			);
			path = core;
			sourceTree = "<group>";
		};
		D657BE2B2B01D53F006D0B42 /* services */ = {
			isa = PBXGroup;
			children = (
				D657BE302B01D5AC006D0B42 /* FestivalLineupService.swift */,
			);
			path = services;
			sourceTree = "<group>";
		};
		D657BE2D2B01D563006D0B42 /* network */ = {
			isa = PBXGroup;
			children = (
				D657BE2E2B01D586006D0B42 /* NetworkManager.swift */,
				D657BE352B01D718006D0B42 /* FestivalLineupError.swift */,
				D63550B92B02A3BD00EFC874 /* NetworkConfig.swift */,
			);
			path = network;
			sourceTree = "<group>";
		};
		D657BE322B01D5D1006D0B42 /* models */ = {
			isa = PBXGroup;
			children = (
				D657BE332B01D60C006D0B42 /* MusicArtist.swift */,
			);
			path = models;
			sourceTree = "<group>";
		};
		D657BE432B01DD4D006D0B42 /* core */ = {
			isa = PBXGroup;
			children = (
				D657BE442B01DD57006D0B42 /* network */,
			);
			path = core;
			sourceTree = "<group>";
		};
		D657BE442B01DD57006D0B42 /* network */ = {
			isa = PBXGroup;
			children = (
				D657BE452B01DD63006D0B42 /* MockNetworkManager.swift */,
			);
			path = network;
			sourceTree = "<group>";
		};
		D657BE472B01DD9E006D0B42 /* services */ = {
			isa = PBXGroup;
			children = (
				D657BE482B01DDAC006D0B42 /* FestivalLineupServiceTest.swift */,
			);
			path = services;
			sourceTree = "<group>";
		};
		D657BE4A2B01DDE5006D0B42 /* features */ = {
			isa = PBXGroup;
			children = (
				D657BE4B2B01DDF2006D0B42 /* festival_lineup */,
			);
			path = features;
			sourceTree = "<group>";
		};
		D657BE4B2B01DDF2006D0B42 /* festival_lineup */ = {
			isa = PBXGroup;
			children = (
				D657BE4C2B01DDFE006D0B42 /* FestivalLineupViewModelTest.swift */,
				D657BE532B01E900006D0B42 /* FestivalLineupInteractorTest.swift */,
			);
			path = festival_lineup;
			sourceTree = "<group>";
		};
		D657BE4E2B01E7F2006D0B42 /* mocks */ = {
			isa = PBXGroup;
			children = (
				D657BE4F2B01E7FC006D0B42 /* MockFestivalLineupService.swift */,
				D657BE512B01E849006D0B42 /* TestFestivalLineupViewModel.swift */,
			);
			path = mocks;
			sourceTree = "<group>";
		};
		D657BE552B01F1AA006D0B42 /* views */ = {
			isa = PBXGroup;
			children = (
				D657BE3F2B01DAC4006D0B42 /* ArtistCardView.swift */,
				D657BE3D2B01DA43006D0B42 /* FestivalLineupView.swift */,
				D6A233D62B02B73100A1D7D6 /* MusicCardActionView.swift */,
				D6A233D82B02B83800A1D7D6 /* FestivalLineupHeader.swift */,
			);
			path = views;
			sourceTree = "<group>";
		};
		D657BE562B01F541006D0B42 /* theme */ = {
			isa = PBXGroup;
			children = (
				D657BE572B01F54F006D0B42 /* Theme.swift */,
			);
			path = theme;
			sourceTree = "<group>";
		};
		D657BE592B01F5A6006D0B42 /* constants */ = {
			isa = PBXGroup;
			children = (
				D657BE5A2B01F5C5006D0B42 /* Strings.swift */,
			);
			path = constants;
			sourceTree = "<group>";
		};
		D657BE5C2B01F837006D0B42 /* utils */ = {
			isa = PBXGroup;
			children = (
				D657BE5D2B01F846006D0B42 /* AppDateFormatter.swift */,
			);
			path = utils;
			sourceTree = "<group>";
		};
/* End PBXGroup section */

/* Begin PBXNativeTarget section */
		D657BDFA2B01D42A006D0B42 /* share */ = {
			isa = PBXNativeTarget;
			buildConfigurationList = D657BE1F2B01D42B006D0B42 /* Build configuration list for PBXNativeTarget "share" */;
			buildPhases = (
				D657BDF72B01D42A006D0B42 /* Sources */,
				D657BDF82B01D42A006D0B42 /* Frameworks */,
				D657BDF92B01D42A006D0B42 /* Resources */,
			);
			buildRules = (
			);
			dependencies = (
			);
			name = share;
			productName = share;
			productReference = D657BDFB2B01D42A006D0B42 /* share.app */;
			productType = "com.apple.product-type.application";
		};
		D657BE0A2B01D42B006D0B42 /* shareTests */ = {
			isa = PBXNativeTarget;
			buildConfigurationList = D657BE222B01D42B006D0B42 /* Build configuration list for PBXNativeTarget "shareTests" */;
			buildPhases = (
				D657BE072B01D42B006D0B42 /* Sources */,
				D657BE082B01D42B006D0B42 /* Frameworks */,
				D657BE092B01D42B006D0B42 /* Resources */,
			);
			buildRules = (
			);
			dependencies = (
				D657BE0D2B01D42B006D0B42 /* PBXTargetDependency */,
			);
			name = shareTests;
			productName = shareTests;
			productReference = D657BE0B2B01D42B006D0B42 /* shareTests.xctest */;
			productType = "com.apple.product-type.bundle.unit-test";
		};
		D657BE142B01D42B006D0B42 /* shareUITests */ = {
			isa = PBXNativeTarget;
			buildConfigurationList = D657BE252B01D42B006D0B42 /* Build configuration list for PBXNativeTarget "shareUITests" */;
			buildPhases = (
				D657BE112B01D42B006D0B42 /* Sources */,
				D657BE122B01D42B006D0B42 /* Frameworks */,
				D657BE132B01D42B006D0B42 /* Resources */,
			);
			buildRules = (
			);
			dependencies = (
				D657BE172B01D42B006D0B42 /* PBXTargetDependency */,
			);
			name = shareUITests;
			productName = shareUITests;
			productReference = D657BE152B01D42B006D0B42 /* shareUITests.xctest */;
			productType = "com.apple.product-type.bundle.ui-testing";
		};
/* End PBXNativeTarget section */

/* Begin PBXProject section */
		D657BDF32B01D42A006D0B42 /* Project object */ = {
			isa = PBXProject;
			attributes = {
				BuildIndependentTargetsInParallel = 1;
				LastSwiftUpdateCheck = 1430;
				LastUpgradeCheck = 1430;
				TargetAttributes = {
					D657BDFA2B01D42A006D0B42 = {
						CreatedOnToolsVersion = 14.3.1;
					};
					D657BE0A2B01D42B006D0B42 = {
						CreatedOnToolsVersion = 14.3.1;
						TestTargetID = D657BDFA2B01D42A006D0B42;
					};
					D657BE142B01D42B006D0B42 = {
						CreatedOnToolsVersion = 14.3.1;
						TestTargetID = D657BDFA2B01D42A006D0B42;
					};
				};
			};
			buildConfigurationList = D657BDF62B01D42A006D0B42 /* Build configuration list for PBXProject "share" */;
			compatibilityVersion = "Xcode 14.0";
			developmentRegion = en;
			hasScannedForEncodings = 0;
			knownRegions = (
				en,
				Base,
			);
			mainGroup = D657BDF22B01D42A006D0B42;
			productRefGroup = D657BDFC2B01D42A006D0B42 /* Products */;
			projectDirPath = "";
			projectRoot = "";
			targets = (
				D657BDFA2B01D42A006D0B42 /* share */,
				D657BE0A2B01D42B006D0B42 /* shareTests */,
				D657BE142B01D42B006D0B42 /* shareUITests */,
			);
		};
/* End PBXProject section */

/* Begin PBXResourcesBuildPhase section */
		D657BDF92B01D42A006D0B42 /* Resources */ = {
			isa = PBXResourcesBuildPhase;
			buildActionMask = 2147483647;
			files = (
				D657BE062B01D42B006D0B42 /* Preview Assets.xcassets in Resources */,
				D657BE032B01D42B006D0B42 /* Assets.xcassets in Resources */,
			);
			runOnlyForDeploymentPostprocessing = 0;
		};
		D657BE092B01D42B006D0B42 /* Resources */ = {
			isa = PBXResourcesBuildPhase;
			buildActionMask = 2147483647;
			files = (
			);
			runOnlyForDeploymentPostprocessing = 0;
		};
		D657BE132B01D42B006D0B42 /* Resources */ = {
			isa = PBXResourcesBuildPhase;
			buildActionMask = 2147483647;
			files = (
			);
			runOnlyForDeploymentPostprocessing = 0;
		};
/* End PBXResourcesBuildPhase section */

/* Begin PBXSourcesBuildPhase section */
		D657BDF72B01D42A006D0B42 /* Sources */ = {
			isa = PBXSourcesBuildPhase;
			buildActionMask = 2147483647;
			files = (
				D657BE3C2B01D9E0006D0B42 /* FestivalLineupInteractor.swift in Sources */,
				D657BE2F2B01D586006D0B42 /* NetworkManager.swift in Sources */,
				D657BE362B01D718006D0B42 /* FestivalLineupError.swift in Sources */,
				D657BE582B01F54F006D0B42 /* Theme.swift in Sources */,
				D657BE312B01D5AC006D0B42 /* FestivalLineupService.swift in Sources */,
				D657BE5B2B01F5C5006D0B42 /* Strings.swift in Sources */,
				D657BE422B01DAFC006D0B42 /* FestivalLineupRouter.swift in Sources */,
				D657BE342B01D60C006D0B42 /* MusicArtist.swift in Sources */,
				D6A233D72B02B73100A1D7D6 /* MusicCardActionView.swift in Sources */,
				D657BDFF2B01D42A006D0B42 /* shareApp.swift in Sources */,
				D657BE402B01DAC4006D0B42 /* ArtistCardView.swift in Sources */,
				D657BE382B01D88C006D0B42 /* FestivalLineupBuilder.swift in Sources */,
				D657BE5E2B01F846006D0B42 /* AppDateFormatter.swift in Sources */,
				D657BE3A2B01D9BA006D0B42 /* FestivalLineupViewModel.swift in Sources */,
				D6A233D92B02B83800A1D7D6 /* FestivalLineupHeader.swift in Sources */,
				D63550BA2B02A3BD00EFC874 /* NetworkConfig.swift in Sources */,
				D657BE3E2B01DA43006D0B42 /* FestivalLineupView.swift in Sources */,
			);
			runOnlyForDeploymentPostprocessing = 0;
		};
		D657BE072B01D42B006D0B42 /* Sources */ = {
			isa = PBXSourcesBuildPhase;
			buildActionMask = 2147483647;
			files = (
				D657BE502B01E7FC006D0B42 /* MockFestivalLineupService.swift in Sources */,
				D657BE462B01DD63006D0B42 /* MockNetworkManager.swift in Sources */,
				D657BE4D2B01DDFE006D0B42 /* FestivalLineupViewModelTest.swift in Sources */,
				D657BE522B01E849006D0B42 /* TestFestivalLineupViewModel.swift in Sources */,
				D657BE542B01E900006D0B42 /* FestivalLineupInteractorTest.swift in Sources */,
				D657BE102B01D42B006D0B42 /* shareTests.swift in Sources */,
				D657BE492B01DDAC006D0B42 /* FestivalLineupServiceTest.swift in Sources */,
			);
			runOnlyForDeploymentPostprocessing = 0;
		};
		D657BE112B01D42B006D0B42 /* Sources */ = {
			isa = PBXSourcesBuildPhase;
			buildActionMask = 2147483647;
			files = (
				D657BE1C2B01D42B006D0B42 /* shareUITestsLaunchTests.swift in Sources */,
				D657BE1A2B01D42B006D0B42 /* shareUITests.swift in Sources */,
			);
			runOnlyForDeploymentPostprocessing = 0;
		};
/* End PBXSourcesBuildPhase section */

/* Begin PBXTargetDependency section */
		D657BE0D2B01D42B006D0B42 /* PBXTargetDependency */ = {
			isa = PBXTargetDependency;
			target = D657BDFA2B01D42A006D0B42 /* share */;
			targetProxy = D657BE0C2B01D42B006D0B42 /* PBXContainerItemProxy */;
		};
		D657BE172B01D42B006D0B42 /* PBXTargetDependency */ = {
			isa = PBXTargetDependency;
			target = D657BDFA2B01D42A006D0B42 /* share */;
			targetProxy = D657BE162B01D42B006D0B42 /* PBXContainerItemProxy */;
		};
/* End PBXTargetDependency section */

/* Begin XCBuildConfiguration section */
		D657BE1D2B01D42B006D0B42 /* Debug */ = {
			isa = XCBuildConfiguration;
			buildSettings = {
				ALWAYS_SEARCH_USER_PATHS = NO;
				CLANG_ANALYZER_NONNULL = YES;
				CLANG_ANALYZER_NUMBER_OBJECT_CONVERSION = YES_AGGRESSIVE;
				CLANG_CXX_LANGUAGE_STANDARD = "gnu++20";
				CLANG_ENABLE_MODULES = YES;
				CLANG_ENABLE_OBJC_ARC = YES;
				CLANG_ENABLE_OBJC_WEAK = YES;
				CLANG_WARN_BLOCK_CAPTURE_AUTORELEASING = YES;
				CLANG_WARN_BOOL_CONVERSION = YES;
				CLANG_WARN_COMMA = YES;
				CLANG_WARN_CONSTANT_CONVERSION = YES;
				CLANG_WARN_DEPRECATED_OBJC_IMPLEMENTATIONS = YES;
				CLANG_WARN_DIRECT_OBJC_ISA_USAGE = YES_ERROR;
				CLANG_WARN_DOCUMENTATION_COMMENTS = YES;
				CLANG_WARN_EMPTY_BODY = YES;
				CLANG_WARN_ENUM_CONVERSION = YES;
				CLANG_WARN_INFINITE_RECURSION = YES;
				CLANG_WARN_INT_CONVERSION = YES;
				CLANG_WARN_NON_LITERAL_NULL_CONVERSION = YES;
				CLANG_WARN_OBJC_IMPLICIT_RETAIN_SELF = YES;
				CLANG_WARN_OBJC_LITERAL_CONVERSION = YES;
				CLANG_WARN_OBJC_ROOT_CLASS = YES_ERROR;
				CLANG_WARN_QUOTED_INCLUDE_IN_FRAMEWORK_HEADER = YES;
				CLANG_WARN_RANGE_LOOP_ANALYSIS = YES;
				CLANG_WARN_STRICT_PROTOTYPES = YES;
				CLANG_WARN_SUSPICIOUS_MOVE = YES;
				CLANG_WARN_UNGUARDED_AVAILABILITY = YES_AGGRESSIVE;
				CLANG_WARN_UNREACHABLE_CODE = YES;
				CLANG_WARN__DUPLICATE_METHOD_MATCH = YES;
				COPY_PHASE_STRIP = NO;
				DEBUG_INFORMATION_FORMAT = dwarf;
				ENABLE_STRICT_OBJC_MSGSEND = YES;
				ENABLE_TESTABILITY = YES;
				GCC_C_LANGUAGE_STANDARD = gnu11;
				GCC_DYNAMIC_NO_PIC = NO;
				GCC_NO_COMMON_BLOCKS = YES;
				GCC_OPTIMIZATION_LEVEL = 0;
				GCC_PREPROCESSOR_DEFINITIONS = (
					"DEBUG=1",
					"$(inherited)",
				);
				GCC_WARN_64_TO_32_BIT_CONVERSION = YES;
				GCC_WARN_ABOUT_RETURN_TYPE = YES_ERROR;
				GCC_WARN_UNDECLARED_SELECTOR = YES;
				GCC_WARN_UNINITIALIZED_AUTOS = YES_AGGRESSIVE;
				GCC_WARN_UNUSED_FUNCTION = YES;
				GCC_WARN_UNUSED_VARIABLE = YES;
				IPHONEOS_DEPLOYMENT_TARGET = 16.4;
				MTL_ENABLE_DEBUG_INFO = INCLUDE_SOURCE;
				MTL_FAST_MATH = YES;
				ONLY_ACTIVE_ARCH = YES;
				SDKROOT = iphoneos;
				SWIFT_ACTIVE_COMPILATION_CONDITIONS = DEBUG;
				SWIFT_OPTIMIZATION_LEVEL = "-Onone";
			};
			name = Debug;
		};
		D657BE1E2B01D42B006D0B42 /* Release */ = {
			isa = XCBuildConfiguration;
			buildSettings = {
				ALWAYS_SEARCH_USER_PATHS = NO;
				CLANG_ANALYZER_NONNULL = YES;
				CLANG_ANALYZER_NUMBER_OBJECT_CONVERSION = YES_AGGRESSIVE;
				CLANG_CXX_LANGUAGE_STANDARD = "gnu++20";
				CLANG_ENABLE_MODULES = YES;
				CLANG_ENABLE_OBJC_ARC = YES;
				CLANG_ENABLE_OBJC_WEAK = YES;
				CLANG_WARN_BLOCK_CAPTURE_AUTORELEASING = YES;
				CLANG_WARN_BOOL_CONVERSION = YES;
				CLANG_WARN_COMMA = YES;
				CLANG_WARN_CONSTANT_CONVERSION = YES;
				CLANG_WARN_DEPRECATED_OBJC_IMPLEMENTATIONS = YES;
				CLANG_WARN_DIRECT_OBJC_ISA_USAGE = YES_ERROR;
				CLANG_WARN_DOCUMENTATION_COMMENTS = YES;
				CLANG_WARN_EMPTY_BODY = YES;
				CLANG_WARN_ENUM_CONVERSION = YES;
				CLANG_WARN_INFINITE_RECURSION = YES;
				CLANG_WARN_INT_CONVERSION = YES;
				CLANG_WARN_NON_LITERAL_NULL_CONVERSION = YES;
				CLANG_WARN_OBJC_IMPLICIT_RETAIN_SELF = YES;
				CLANG_WARN_OBJC_LITERAL_CONVERSION = YES;
				CLANG_WARN_OBJC_ROOT_CLASS = YES_ERROR;
				CLANG_WARN_QUOTED_INCLUDE_IN_FRAMEWORK_HEADER = YES;
				CLANG_WARN_RANGE_LOOP_ANALYSIS = YES;
				CLANG_WARN_STRICT_PROTOTYPES = YES;
				CLANG_WARN_SUSPICIOUS_MOVE = YES;
				CLANG_WARN_UNGUARDED_AVAILABILITY = YES_AGGRESSIVE;
				CLANG_WARN_UNREACHABLE_CODE = YES;
				CLANG_WARN__DUPLICATE_METHOD_MATCH = YES;
				COPY_PHASE_STRIP = NO;
				DEBUG_INFORMATION_FORMAT = "dwarf-with-dsym";
				ENABLE_NS_ASSERTIONS = NO;
				ENABLE_STRICT_OBJC_MSGSEND = YES;
				GCC_C_LANGUAGE_STANDARD = gnu11;
				GCC_NO_COMMON_BLOCKS = YES;
				GCC_WARN_64_TO_32_BIT_CONVERSION = YES;
				GCC_WARN_ABOUT_RETURN_TYPE = YES_ERROR;
				GCC_WARN_UNDECLARED_SELECTOR = YES;
				GCC_WARN_UNINITIALIZED_AUTOS = YES_AGGRESSIVE;
				GCC_WARN_UNUSED_FUNCTION = YES;
				GCC_WARN_UNUSED_VARIABLE = YES;
				IPHONEOS_DEPLOYMENT_TARGET = 16.4;
				MTL_ENABLE_DEBUG_INFO = NO;
				MTL_FAST_MATH = YES;
				SDKROOT = iphoneos;
				SWIFT_COMPILATION_MODE = wholemodule;
				SWIFT_OPTIMIZATION_LEVEL = "-O";
				VALIDATE_PRODUCT = YES;
			};
			name = Release;
		};
		D657BE202B01D42B006D0B42 /* Debug */ = {
			isa = XCBuildConfiguration;
			buildSettings = {
				ASSETCATALOG_COMPILER_APPICON_NAME = AppIcon;
				ASSETCATALOG_COMPILER_GLOBAL_ACCENT_COLOR_NAME = AccentColor;
				CODE_SIGN_STYLE = Automatic;
				CURRENT_PROJECT_VERSION = 1;
				DEVELOPMENT_ASSET_PATHS = "\"share/Preview Content\"";
				ENABLE_PREVIEWS = YES;
				GENERATE_INFOPLIST_FILE = YES;
				INFOPLIST_KEY_UIApplicationSceneManifest_Generation = YES;
				INFOPLIST_KEY_UIApplicationSupportsIndirectInputEvents = YES;
				INFOPLIST_KEY_UILaunchScreen_Generation = YES;
				INFOPLIST_KEY_UISupportedInterfaceOrientations_iPad = "UIInterfaceOrientationPortrait UIInterfaceOrientationPortraitUpsideDown UIInterfaceOrientationLandscapeLeft UIInterfaceOrientationLandscapeRight";
				INFOPLIST_KEY_UISupportedInterfaceOrientations_iPhone = "UIInterfaceOrientationPortrait UIInterfaceOrientationLandscapeLeft UIInterfaceOrientationLandscapeRight";
				LD_RUNPATH_SEARCH_PATHS = (
					"$(inherited)",
					"@executable_path/Frameworks",
				);
				MARKETING_VERSION = 1.0;
				PRODUCT_BUNDLE_IDENTIFIER = com.test.share;
				PRODUCT_NAME = "$(TARGET_NAME)";
				SWIFT_EMIT_LOC_STRINGS = YES;
				SWIFT_VERSION = 5.0;
				TARGETED_DEVICE_FAMILY = "1,2";
			};
			name = Debug;
		};
		D657BE212B01D42B006D0B42 /* Release */ = {
			isa = XCBuildConfiguration;
			buildSettings = {
				ASSETCATALOG_COMPILER_APPICON_NAME = AppIcon;
				ASSETCATALOG_COMPILER_GLOBAL_ACCENT_COLOR_NAME = AccentColor;
				CODE_SIGN_STYLE = Automatic;
				CURRENT_PROJECT_VERSION = 1;
				DEVELOPMENT_ASSET_PATHS = "\"share/Preview Content\"";
				ENABLE_PREVIEWS = YES;
				GENERATE_INFOPLIST_FILE = YES;
				INFOPLIST_KEY_UIApplicationSceneManifest_Generation = YES;
				INFOPLIST_KEY_UIApplicationSupportsIndirectInputEvents = YES;
				INFOPLIST_KEY_UILaunchScreen_Generation = YES;
				INFOPLIST_KEY_UISupportedInterfaceOrientations_iPad = "UIInterfaceOrientationPortrait UIInterfaceOrientationPortraitUpsideDown UIInterfaceOrientationLandscapeLeft UIInterfaceOrientationLandscapeRight";
				INFOPLIST_KEY_UISupportedInterfaceOrientations_iPhone = "UIInterfaceOrientationPortrait UIInterfaceOrientationLandscapeLeft UIInterfaceOrientationLandscapeRight";
				LD_RUNPATH_SEARCH_PATHS = (
					"$(inherited)",
					"@executable_path/Frameworks",
				);
				MARKETING_VERSION = 1.0;
				PRODUCT_BUNDLE_IDENTIFIER = com.test.share;
				PRODUCT_NAME = "$(TARGET_NAME)";
				SWIFT_EMIT_LOC_STRINGS = YES;
				SWIFT_VERSION = 5.0;
				TARGETED_DEVICE_FAMILY = "1,2";
			};
			name = Release;
		};
		D657BE232B01D42B006D0B42 /* Debug */ = {
			isa = XCBuildConfiguration;
			buildSettings = {
				ALWAYS_EMBED_SWIFT_STANDARD_LIBRARIES = YES;
				BUNDLE_LOADER = "$(TEST_HOST)";
				CODE_SIGN_STYLE = Automatic;
				CURRENT_PROJECT_VERSION = 1;
				GENERATE_INFOPLIST_FILE = YES;
				IPHONEOS_DEPLOYMENT_TARGET = 16.4;
				MARKETING_VERSION = 1.0;
				PRODUCT_BUNDLE_IDENTIFIER = com.test.shareTests;
				PRODUCT_NAME = "$(TARGET_NAME)";
				SWIFT_EMIT_LOC_STRINGS = NO;
				SWIFT_VERSION = 5.0;
				TARGETED_DEVICE_FAMILY = "1,2";
				TEST_HOST = "$(BUILT_PRODUCTS_DIR)/share.app/$(BUNDLE_EXECUTABLE_FOLDER_PATH)/share";
			};
			name = Debug;
		};
		D657BE242B01D42B006D0B42 /* Release */ = {
			isa = XCBuildConfiguration;
			buildSettings = {
				ALWAYS_EMBED_SWIFT_STANDARD_LIBRARIES = YES;
				BUNDLE_LOADER = "$(TEST_HOST)";
				CODE_SIGN_STYLE = Automatic;
				CURRENT_PROJECT_VERSION = 1;
				GENERATE_INFOPLIST_FILE = YES;
				IPHONEOS_DEPLOYMENT_TARGET = 16.4;
				MARKETING_VERSION = 1.0;
				PRODUCT_BUNDLE_IDENTIFIER = com.test.shareTests;
				PRODUCT_NAME = "$(TARGET_NAME)";
				SWIFT_EMIT_LOC_STRINGS = NO;
				SWIFT_VERSION = 5.0;
				TARGETED_DEVICE_FAMILY = "1,2";
				TEST_HOST = "$(BUILT_PRODUCTS_DIR)/share.app/$(BUNDLE_EXECUTABLE_FOLDER_PATH)/share";
			};
			name = Release;
		};
		D657BE262B01D42B006D0B42 /* Debug */ = {
			isa = XCBuildConfiguration;
			buildSettings = {
				ALWAYS_EMBED_SWIFT_STANDARD_LIBRARIES = YES;
				CODE_SIGN_STYLE = Automatic;
				CURRENT_PROJECT_VERSION = 1;
				GENERATE_INFOPLIST_FILE = YES;
				MARKETING_VERSION = 1.0;
				PRODUCT_BUNDLE_IDENTIFIER = com.test.shareUITests;
				PRODUCT_NAME = "$(TARGET_NAME)";
				SWIFT_EMIT_LOC_STRINGS = NO;
				SWIFT_VERSION = 5.0;
				TARGETED_DEVICE_FAMILY = "1,2";
				TEST_TARGET_NAME = share;
			};
			name = Debug;
		};
		D657BE272B01D42B006D0B42 /* Release */ = {
			isa = XCBuildConfiguration;
			buildSettings = {
				ALWAYS_EMBED_SWIFT_STANDARD_LIBRARIES = YES;
				CODE_SIGN_STYLE = Automatic;
				CURRENT_PROJECT_VERSION = 1;
				GENERATE_INFOPLIST_FILE = YES;
				MARKETING_VERSION = 1.0;
				PRODUCT_BUNDLE_IDENTIFIER = com.test.shareUITests;
				PRODUCT_NAME = "$(TARGET_NAME)";
				SWIFT_EMIT_LOC_STRINGS = NO;
				SWIFT_VERSION = 5.0;
				TARGETED_DEVICE_FAMILY = "1,2";
				TEST_TARGET_NAME = share;
			};
			name = Release;
		};
/* End XCBuildConfiguration section */

/* Begin XCConfigurationList section */
		D657BDF62B01D42A006D0B42 /* Build configuration list for PBXProject "share" */ = {
			isa = XCConfigurationList;
			buildConfigurations = (
				D657BE1D2B01D42B006D0B42 /* Debug */,
				D657BE1E2B01D42B006D0B42 /* Release */,
			);
			defaultConfigurationIsVisible = 0;
			defaultConfigurationName = Release;
		};
		D657BE1F2B01D42B006D0B42 /* Build configuration list for PBXNativeTarget "share" */ = {
			isa = XCConfigurationList;
			buildConfigurations = (
				D657BE202B01D42B006D0B42 /* Debug */,
				D657BE212B01D42B006D0B42 /* Release */,
			);
			defaultConfigurationIsVisible = 0;
			defaultConfigurationName = Release;
		};
		D657BE222B01D42B006D0B42 /* Build configuration list for PBXNativeTarget "shareTests" */ = {
			isa = XCConfigurationList;
			buildConfigurations = (
				D657BE232B01D42B006D0B42 /* Debug */,
				D657BE242B01D42B006D0B42 /* Release */,
			);
			defaultConfigurationIsVisible = 0;
			defaultConfigurationName = Release;
		};
		D657BE252B01D42B006D0B42 /* Build configuration list for PBXNativeTarget "shareUITests" */ = {
			isa = XCConfigurationList;
			buildConfigurations = (
				D657BE262B01D42B006D0B42 /* Debug */,
				D657BE272B01D42B006D0B42 /* Release */,
			);
			defaultConfigurationIsVisible = 0;
			defaultConfigurationName = Release;
		};
/* End XCConfigurationList section */
	};
	rootObject = D657BDF32B01D42A006D0B42 /* Project object */;
}
